
Microsoft Visual Studio Solution File, Format Version 12.00
# Visual Studio Version 16
VisualStudioVersion = 16.0.29609.76
MinimumVisualStudioVersion = 10.0.40219.1
Project("{FAE04EC0-301F-11D3-BF4B-00C04F79EFBC}") = "Desktop_Application", "Desktop_Application.csproj", "{7EC64B38-8FF8-4714-82E4-BCB62A302C81}"
EndProject
Global
	GlobalSection(SolutionConfigurationPlatforms) = preSolution
		Debug|Any CPU = Debug|Any CPU
		Release|Any CPU = Release|Any CPU
	EndGlobalSection
	GlobalSection(ProjectConfigurationPlatforms) = postSolution
		{7EC64B38-8FF8-4714-82E4-BCB62A302C81}.Debug|Any CPU.ActiveCfg = Debug|Any CPU
		{7EC64B38-8FF8-4714-82E4-BCB62A302C81}.Debug|Any CPU.Build.0 = Debug|Any CPU
		{7EC64B38-8FF8-4714-82E4-BCB62A302C81}.Release|Any CPU.ActiveCfg = Release|Any CPU
		{7EC64B38-8FF8-4714-82E4-BCB62A302C81}.Release|Any CPU.Build.0 = Release|Any CPU
	EndGlobalSection
	GlobalSection(SolutionProperties) = preSolution
		HideSolutionNode = FALSE
	EndGlobalSection
	GlobalSection(ExtensibilityGlobals) = postSolution
		SolutionGuid = {E7AF8502-2518-4EF6-A548-F2E088CB764F}
	EndGlobalSection
EndGlobal
